{
  "name": "HappyCell",
  "lockfileVersion": 2,
  "requires": true,
  "packages": {
    "": {
      "dependencies": {
        "axios": "^0.21.1",
        "vue-router": "^3.5.1",
        "vue2-dropzone": "^3.6.0"
      }
    },
    "node_modules/axios": {
      "version": "0.21.1",
      "resolved": "https://registry.npmjs.org/axios/-/axios-0.21.1.tgz",
      "integrity": "sha512-dKQiRHxGD9PPRIUNIWvZhPTPpl1rf/OxTYKsqKUDjBwYylTvV7SjSHJb9ratfyzM6wCdLCOYLzs73qpg5c4iGA==",
      "dependencies": {
        "follow-redirects": "^1.10.0"
      }
    },
    "node_modules/dropzone": {
      "version": "5.9.2",
      "resolved": "https://registry.npmjs.org/dropzone/-/dropzone-5.9.2.tgz",
      "integrity": "sha512-5t2z51DzIsWDbTpwcJIvUlwxBbvcwdCApz0yb9ecKJwG155Xm92KMEZmHW1B0MzoXOKvFwdd0nPu5cpeVcvPHQ=="
    },
    "node_modules/follow-redirects": {
      "version": "1.14.1",
      "resolved": "https://registry.npmjs.org/follow-redirects/-/follow-redirects-1.14.1.tgz",
      "integrity": "sha512-HWqDgT7ZEkqRzBvc2s64vSZ/hfOceEol3ac/7tKwzuvEyWx3/4UegXh5oBOIotkGsObyk3xznnSRVADBgWSQVg==",
      "funding": [
        {
          "type": "individual",
          "url": "https://github.com/sponsors/RubenVerborgh"
        }
      ],
      "engines": {
        "node": ">=4.0"
      },
      "peerDependenciesMeta": {
        "debug": {
          "optional": true
        }
      }
    },
    "node_modules/vue-router": {
      "version": "3.5.1",
      "resolved": "https://registry.npmjs.org/vue-router/-/vue-router-3.5.1.tgz",
      "integrity": "sha512-RRQNLT8Mzr8z7eL4p7BtKvRaTSGdCbTy2+Mm5HTJvLGYSSeG9gDzNasJPP/yOYKLy+/cLG/ftrqq5fvkFwBJEw=="
    },
    "node_modules/vue2-dropzone": {
      "version": "3.6.0",
      "resolved": "https://registry.npmjs.org/vue2-dropzone/-/vue2-dropzone-3.6.0.tgz",
      "integrity": "sha512-YXC1nCWIZvfa98e/i6h+EshZCkFSxFEh0Sxr9ODfThAPPDVhAzLLlz/4XIx0NGO1QeSy6htwSstte47R7vVhLQ==",
      "dependencies": {
        "dropzone": "^5.5.1"
      }
    }
  },
  "dependencies": {
    "axios": {
      "version": "0.21.1",
      "resolved": "https://registry.npmjs.org/axios/-/axios-0.21.1.tgz",
      "integrity": "sha512-dKQiRHxGD9PPRIUNIWvZhPTPpl1rf/OxTYKsqKUDjBwYylTvV7SjSHJb9ratfyzM6wCdLCOYLzs73qpg5c4iGA==",
      "requires": {
        "follow-redirects": "^1.10.0"
      }
    },
    "dropzone": {
      "version": "5.9.2",
      "resolved": "https://registry.npmjs.org/dropzone/-/dropzone-5.9.2.tgz",
      "integrity": "sha512-5t2z51DzIsWDbTpwcJIvUlwxBbvcwdCApz0yb9ecKJwG155Xm92KMEZmHW1B0MzoXOKvFwdd0nPu5cpeVcvPHQ=="
    },
    "follow-redirects": {
      "version": "1.14.1",
      "resolved": "https://registry.npmjs.org/follow-redirects/-/follow-redirects-1.14.1.tgz",
      "integrity": "sha512-HWqDgT7ZEkqRzBvc2s64vSZ/hfOceEol3ac/7tKwzuvEyWx3/4UegXh5oBOIotkGsObyk3xznnSRVADBgWSQVg=="
    },
    "vue-router": {
      "version": "3.5.1",
      "resolved": "https://registry.npmjs.org/vue-router/-/vue-router-3.5.1.tgz",
      "integrity": "sha512-RRQNLT8Mzr8z7eL4p7BtKvRaTSGdCbTy2+Mm5HTJvLGYSSeG9gDzNasJPP/yOYKLy+/cLG/ftrqq5fvkFwBJEw=="
    },
    "vue2-dropzone": {
      "version": "3.6.0",
      "resolved": "https://registry.npmjs.org/vue2-dropzone/-/vue2-dropzone-3.6.0.tgz",
      "integrity": "sha512-YXC1nCWIZvfa98e/i6h+EshZCkFSxFEh0Sxr9ODfThAPPDVhAzLLlz/4XIx0NGO1QeSy6htwSstte47R7vVhLQ==",
      "requires": {
        "dropzone": "^5.5.1"
      }
    }
  }
}
